
Microsoft Visual Studio Solution File, Format Version 12.00
# Visual Studio Version 17
VisualStudioVersion = 17.0.31903.59
MinimumVisualStudioVersion = 10.0.40219.1
Project("{2150E333-8FDC-42A3-9474-1A3956D46DE8}") = "src", "src", "{827E0CD3-B72D-47B6-A68D-7590B98EB39B}"
EndProject
Project("{FAE04EC0-301F-11D3-BF4B-00C04F79EFBC}") = "AB002.WinForm", "src\AB002.WinForm\AB002.WinForm.csproj", "{450841DD-C139-46D1-86FF-9FDB31F2991E}"
EndProject
Project("{FAE04EC0-301F-11D3-BF4B-00C04F79EFBC}") = "ABCommon.Business", "src\ABCommon.Business\ABCommon.Business.csproj", "{517B8495-F767-4F8B-8B67-0701F2146C31}"
EndProject
Project("{FAE04EC0-301F-11D3-BF4B-00C04F79EFBC}") = "ABCommon.DataAccess", "src\ABCommon.DataAccess\ABCommon.DataAccess.csproj", "{D6D759B7-94C1-48A8-B85D-92ABF6567051}"
EndProject
Project("{2150E333-8FDC-42A3-9474-1A3956D46DE8}") = "tests", "tests", "{0AB3BF05-4346-4AA6-1389-037BE0695223}"
EndProject
Project("{FAE04EC0-301F-11D3-BF4B-00C04F79EFBC}") = "ABCommon.Business.Tests", "tests\ABCommon.Business.Tests\ABCommon.Business.Tests.csproj", "{A824C9AC-535F-4159-BAD4-20C6BFACC24E}"
EndProject
Project("{FAE04EC0-301F-11D3-BF4B-00C04F79EFBC}") = "ABCommon.DataAccess.Tests", "tests\ABCommon.DataAccess.Tests\ABCommon.DataAccess.Tests.csproj", "{BCCD4DC6-E387-4AB5-8903-4552AED88E17}"
EndProject
Global
	GlobalSection(SolutionConfigurationPlatforms) = preSolution
		Debug|Any CPU = Debug|Any CPU
		Debug|x64 = Debug|x64
		Debug|x86 = Debug|x86
		Release|Any CPU = Release|Any CPU
		Release|x64 = Release|x64
		Release|x86 = Release|x86
	EndGlobalSection
	GlobalSection(ProjectConfigurationPlatforms) = postSolution
		{450841DD-C139-46D1-86FF-9FDB31F2991E}.Debug|Any CPU.ActiveCfg = Debug|Any CPU
		{450841DD-C139-46D1-86FF-9FDB31F2991E}.Debug|Any CPU.Build.0 = Debug|Any CPU
		{450841DD-C139-46D1-86FF-9FDB31F2991E}.Debug|x64.ActiveCfg = Debug|Any CPU
		{450841DD-C139-46D1-86FF-9FDB31F2991E}.Debug|x64.Build.0 = Debug|Any CPU
		{450841DD-C139-46D1-86FF-9FDB31F2991E}.Debug|x86.ActiveCfg = Debug|Any CPU
		{450841DD-C139-46D1-86FF-9FDB31F2991E}.Debug|x86.Build.0 = Debug|Any CPU
		{450841DD-C139-46D1-86FF-9FDB31F2991E}.Release|Any CPU.ActiveCfg = Release|Any CPU
		{450841DD-C139-46D1-86FF-9FDB31F2991E}.Release|Any CPU.Build.0 = Release|Any CPU
		{450841DD-C139-46D1-86FF-9FDB31F2991E}.Release|x64.ActiveCfg = Release|Any CPU
		{450841DD-C139-46D1-86FF-9FDB31F2991E}.Release|x64.Build.0 = Release|Any CPU
		{450841DD-C139-46D1-86FF-9FDB31F2991E}.Release|x86.ActiveCfg = Release|Any CPU
		{450841DD-C139-46D1-86FF-9FDB31F2991E}.Release|x86.Build.0 = Release|Any CPU
		{517B8495-F767-4F8B-8B67-0701F2146C31}.Debug|Any CPU.ActiveCfg = Debug|Any CPU
		{517B8495-F767-4F8B-8B67-0701F2146C31}.Debug|Any CPU.Build.0 = Debug|Any CPU
		{517B8495-F767-4F8B-8B67-0701F2146C31}.Debug|x64.ActiveCfg = Debug|Any CPU
		{517B8495-F767-4F8B-8B67-0701F2146C31}.Debug|x64.Build.0 = Debug|Any CPU
		{517B8495-F767-4F8B-8B67-0701F2146C31}.Debug|x86.ActiveCfg = Debug|Any CPU
		{517B8495-F767-4F8B-8B67-0701F2146C31}.Debug|x86.Build.0 = Debug|Any CPU
		{517B8495-F767-4F8B-8B67-0701F2146C31}.Release|Any CPU.ActiveCfg = Release|Any CPU
		{517B8495-F767-4F8B-8B67-0701F2146C31}.Release|Any CPU.Build.0 = Release|Any CPU
		{517B8495-F767-4F8B-8B67-0701F2146C31}.Release|x64.ActiveCfg = Release|Any CPU
		{517B8495-F767-4F8B-8B67-0701F2146C31}.Release|x64.Build.0 = Release|Any CPU
		{517B8495-F767-4F8B-8B67-0701F2146C31}.Release|x86.ActiveCfg = Release|Any CPU
		{517B8495-F767-4F8B-8B67-0701F2146C31}.Release|x86.Build.0 = Release|Any CPU
		{D6D759B7-94C1-48A8-B85D-92ABF6567051}.Debug|Any CPU.ActiveCfg = Debug|Any CPU
		{D6D759B7-94C1-48A8-B85D-92ABF6567051}.Debug|Any CPU.Build.0 = Debug|Any CPU
		{D6D759B7-94C1-48A8-B85D-92ABF6567051}.Debug|x64.ActiveCfg = Debug|Any CPU
		{D6D759B7-94C1-48A8-B85D-92ABF6567051}.Debug|x64.Build.0 = Debug|Any CPU
		{D6D759B7-94C1-48A8-B85D-92ABF6567051}.Debug|x86.ActiveCfg = Debug|Any CPU
		{D6D759B7-94C1-48A8-B85D-92ABF6567051}.Debug|x86.Build.0 = Debug|Any CPU
		{D6D759B7-94C1-48A8-B85D-92ABF6567051}.Release|Any CPU.ActiveCfg = Release|Any CPU
		{D6D759B7-94C1-48A8-B85D-92ABF6567051}.Release|Any CPU.Build.0 = Release|Any CPU
		{D6D759B7-94C1-48A8-B85D-92ABF6567051}.Release|x64.ActiveCfg = Release|Any CPU
		{D6D759B7-94C1-48A8-B85D-92ABF6567051}.Release|x64.Build.0 = Release|Any CPU
		{D6D759B7-94C1-48A8-B85D-92ABF6567051}.Release|x86.ActiveCfg = Release|Any CPU
		{D6D759B7-94C1-48A8-B85D-92ABF6567051}.Release|x86.Build.0 = Release|Any CPU
		{A824C9AC-535F-4159-BAD4-20C6BFACC24E}.Debug|Any CPU.ActiveCfg = Debug|Any CPU
		{A824C9AC-535F-4159-BAD4-20C6BFACC24E}.Debug|Any CPU.Build.0 = Debug|Any CPU
		{A824C9AC-535F-4159-BAD4-20C6BFACC24E}.Debug|x64.ActiveCfg = Debug|Any CPU
		{A824C9AC-535F-4159-BAD4-20C6BFACC24E}.Debug|x64.Build.0 = Debug|Any CPU
		{A824C9AC-535F-4159-BAD4-20C6BFACC24E}.Debug|x86.ActiveCfg = Debug|Any CPU
		{A824C9AC-535F-4159-BAD4-20C6BFACC24E}.Debug|x86.Build.0 = Debug|Any CPU
		{A824C9AC-535F-4159-BAD4-20C6BFACC24E}.Release|Any CPU.ActiveCfg = Release|Any CPU
		{A824C9AC-535F-4159-BAD4-20C6BFACC24E}.Release|Any CPU.Build.0 = Release|Any CPU
		{A824C9AC-535F-4159-BAD4-20C6BFACC24E}.Release|x64.ActiveCfg = Release|Any CPU
		{A824C9AC-535F-4159-BAD4-20C6BFACC24E}.Release|x64.Build.0 = Release|Any CPU
		{A824C9AC-535F-4159-BAD4-20C6BFACC24E}.Release|x86.ActiveCfg = Release|Any CPU
		{A824C9AC-535F-4159-BAD4-20C6BFACC24E}.Release|x86.Build.0 = Release|Any CPU
		{BCCD4DC6-E387-4AB5-8903-4552AED88E17}.Debug|Any CPU.ActiveCfg = Debug|Any CPU
		{BCCD4DC6-E387-4AB5-8903-4552AED88E17}.Debug|Any CPU.Build.0 = Debug|Any CPU
		{BCCD4DC6-E387-4AB5-8903-4552AED88E17}.Debug|x64.ActiveCfg = Debug|Any CPU
		{BCCD4DC6-E387-4AB5-8903-4552AED88E17}.Debug|x64.Build.0 = Debug|Any CPU
		{BCCD4DC6-E387-4AB5-8903-4552AED88E17}.Debug|x86.ActiveCfg = Debug|Any CPU
		{BCCD4DC6-E387-4AB5-8903-4552AED88E17}.Debug|x86.Build.0 = Debug|Any CPU
		{BCCD4DC6-E387-4AB5-8903-4552AED88E17}.Release|Any CPU.ActiveCfg = Release|Any CPU
		{BCCD4DC6-E387-4AB5-8903-4552AED88E17}.Release|Any CPU.Build.0 = Release|Any CPU
		{BCCD4DC6-E387-4AB5-8903-4552AED88E17}.Release|x64.ActiveCfg = Release|Any CPU
		{BCCD4DC6-E387-4AB5-8903-4552AED88E17}.Release|x64.Build.0 = Release|Any CPU
		{BCCD4DC6-E387-4AB5-8903-4552AED88E17}.Release|x86.ActiveCfg = Release|Any CPU
		{BCCD4DC6-E387-4AB5-8903-4552AED88E17}.Release|x86.Build.0 = Release|Any CPU
	EndGlobalSection
	GlobalSection(SolutionProperties) = preSolution
		HideSolutionNode = FALSE
	EndGlobalSection
	GlobalSection(NestedProjects) = preSolution
		{450841DD-C139-46D1-86FF-9FDB31F2991E} = {827E0CD3-B72D-47B6-A68D-7590B98EB39B}
		{517B8495-F767-4F8B-8B67-0701F2146C31} = {827E0CD3-B72D-47B6-A68D-7590B98EB39B}
		{D6D759B7-94C1-48A8-B85D-92ABF6567051} = {827E0CD3-B72D-47B6-A68D-7590B98EB39B}
		{A824C9AC-535F-4159-BAD4-20C6BFACC24E} = {0AB3BF05-4346-4AA6-1389-037BE0695223}
		{BCCD4DC6-E387-4AB5-8903-4552AED88E17} = {0AB3BF05-4346-4AA6-1389-037BE0695223}
	EndGlobalSection
EndGlobal
