
Microsoft Visual Studio Solution File, Format Version 12.00
# Visual Studio Version 17
VisualStudioVersion = 17.0.31903.59
MinimumVisualStudioVersion = 10.0.40219.1
Project("{2150E333-8FDC-42A3-9474-1A3956D46DE8}") = "src", "src", "{827E0CD3-B72D-47B6-A68D-7590B98EB39B}"
EndProject
Project("{FAE04EC0-301F-11D3-BF4B-00C04F79EFBC}") = "AB003.WinForm", "src\AB003.WinForm\AB003.WinForm.csproj", "{EFD0570C-0122-488D-A5DF-12648EA0781E}"
EndProject
Project("{FAE04EC0-301F-11D3-BF4B-00C04F79EFBC}") = "ABCommon.Business", "src\ABCommon.Business\ABCommon.Business.csproj", "{8AEFD930-33A8-4E90-A33A-1C795D15D878}"
EndProject
Project("{FAE04EC0-301F-11D3-BF4B-00C04F79EFBC}") = "ABCommon.DataAccess", "src\ABCommon.DataAccess\ABCommon.DataAccess.csproj", "{2364B8C4-224D-487B-A670-C3A8D67D72A8}"
EndProject
Project("{2150E333-8FDC-42A3-9474-1A3956D46DE8}") = "tests", "tests", "{0AB3BF05-4346-4AA6-1389-037BE0695223}"
EndProject
Project("{FAE04EC0-301F-11D3-BF4B-00C04F79EFBC}") = "ABCommon.Business.Tests", "tests\ABCommon.Business.Tests\ABCommon.Business.Tests.csproj", "{D394CAF3-C77C-472E-AD1B-C5C358A8EA77}"
EndProject
Project("{FAE04EC0-301F-11D3-BF4B-00C04F79EFBC}") = "ABCommon.DataAccess.Tests", "tests\ABCommon.DataAccess.Tests\ABCommon.DataAccess.Tests.csproj", "{8CB278A8-DA4A-48FB-8F71-0053A7D0C723}"
EndProject
Global
	GlobalSection(SolutionConfigurationPlatforms) = preSolution
		Debug|Any CPU = Debug|Any CPU
		Debug|x64 = Debug|x64
		Debug|x86 = Debug|x86
		Release|Any CPU = Release|Any CPU
		Release|x64 = Release|x64
		Release|x86 = Release|x86
	EndGlobalSection
	GlobalSection(ProjectConfigurationPlatforms) = postSolution
		{EFD0570C-0122-488D-A5DF-12648EA0781E}.Debug|Any CPU.ActiveCfg = Debug|Any CPU
		{EFD0570C-0122-488D-A5DF-12648EA0781E}.Debug|Any CPU.Build.0 = Debug|Any CPU
		{EFD0570C-0122-488D-A5DF-12648EA0781E}.Debug|x64.ActiveCfg = Debug|Any CPU
		{EFD0570C-0122-488D-A5DF-12648EA0781E}.Debug|x64.Build.0 = Debug|Any CPU
		{EFD0570C-0122-488D-A5DF-12648EA0781E}.Debug|x86.ActiveCfg = Debug|Any CPU
		{EFD0570C-0122-488D-A5DF-12648EA0781E}.Debug|x86.Build.0 = Debug|Any CPU
		{EFD0570C-0122-488D-A5DF-12648EA0781E}.Release|Any CPU.ActiveCfg = Release|Any CPU
		{EFD0570C-0122-488D-A5DF-12648EA0781E}.Release|Any CPU.Build.0 = Release|Any CPU
		{EFD0570C-0122-488D-A5DF-12648EA0781E}.Release|x64.ActiveCfg = Release|Any CPU
		{EFD0570C-0122-488D-A5DF-12648EA0781E}.Release|x64.Build.0 = Release|Any CPU
		{EFD0570C-0122-488D-A5DF-12648EA0781E}.Release|x86.ActiveCfg = Release|Any CPU
		{EFD0570C-0122-488D-A5DF-12648EA0781E}.Release|x86.Build.0 = Release|Any CPU
		{8AEFD930-33A8-4E90-A33A-1C795D15D878}.Debug|Any CPU.ActiveCfg = Debug|Any CPU
		{8AEFD930-33A8-4E90-A33A-1C795D15D878}.Debug|Any CPU.Build.0 = Debug|Any CPU
		{8AEFD930-33A8-4E90-A33A-1C795D15D878}.Debug|x64.ActiveCfg = Debug|Any CPU
		{8AEFD930-33A8-4E90-A33A-1C795D15D878}.Debug|x64.Build.0 = Debug|Any CPU
		{8AEFD930-33A8-4E90-A33A-1C795D15D878}.Debug|x86.ActiveCfg = Debug|Any CPU
		{8AEFD930-33A8-4E90-A33A-1C795D15D878}.Debug|x86.Build.0 = Debug|Any CPU
		{8AEFD930-33A8-4E90-A33A-1C795D15D878}.Release|Any CPU.ActiveCfg = Release|Any CPU
		{8AEFD930-33A8-4E90-A33A-1C795D15D878}.Release|Any CPU.Build.0 = Release|Any CPU
		{8AEFD930-33A8-4E90-A33A-1C795D15D878}.Release|x64.ActiveCfg = Release|Any CPU
		{8AEFD930-33A8-4E90-A33A-1C795D15D878}.Release|x64.Build.0 = Release|Any CPU
		{8AEFD930-33A8-4E90-A33A-1C795D15D878}.Release|x86.ActiveCfg = Release|Any CPU
		{8AEFD930-33A8-4E90-A33A-1C795D15D878}.Release|x86.Build.0 = Release|Any CPU
		{2364B8C4-224D-487B-A670-C3A8D67D72A8}.Debug|Any CPU.ActiveCfg = Debug|Any CPU
		{2364B8C4-224D-487B-A670-C3A8D67D72A8}.Debug|Any CPU.Build.0 = Debug|Any CPU
		{2364B8C4-224D-487B-A670-C3A8D67D72A8}.Debug|x64.ActiveCfg = Debug|Any CPU
		{2364B8C4-224D-487B-A670-C3A8D67D72A8}.Debug|x64.Build.0 = Debug|Any CPU
		{2364B8C4-224D-487B-A670-C3A8D67D72A8}.Debug|x86.ActiveCfg = Debug|Any CPU
		{2364B8C4-224D-487B-A670-C3A8D67D72A8}.Debug|x86.Build.0 = Debug|Any CPU
		{2364B8C4-224D-487B-A670-C3A8D67D72A8}.Release|Any CPU.ActiveCfg = Release|Any CPU
		{2364B8C4-224D-487B-A670-C3A8D67D72A8}.Release|Any CPU.Build.0 = Release|Any CPU
		{2364B8C4-224D-487B-A670-C3A8D67D72A8}.Release|x64.ActiveCfg = Release|Any CPU
		{2364B8C4-224D-487B-A670-C3A8D67D72A8}.Release|x64.Build.0 = Release|Any CPU
		{2364B8C4-224D-487B-A670-C3A8D67D72A8}.Release|x86.ActiveCfg = Release|Any CPU
		{2364B8C4-224D-487B-A670-C3A8D67D72A8}.Release|x86.Build.0 = Release|Any CPU
		{D394CAF3-C77C-472E-AD1B-C5C358A8EA77}.Debug|Any CPU.ActiveCfg = Debug|Any CPU
		{D394CAF3-C77C-472E-AD1B-C5C358A8EA77}.Debug|Any CPU.Build.0 = Debug|Any CPU
		{D394CAF3-C77C-472E-AD1B-C5C358A8EA77}.Debug|x64.ActiveCfg = Debug|Any CPU
		{D394CAF3-C77C-472E-AD1B-C5C358A8EA77}.Debug|x64.Build.0 = Debug|Any CPU
		{D394CAF3-C77C-472E-AD1B-C5C358A8EA77}.Debug|x86.ActiveCfg = Debug|Any CPU
		{D394CAF3-C77C-472E-AD1B-C5C358A8EA77}.Debug|x86.Build.0 = Debug|Any CPU
		{D394CAF3-C77C-472E-AD1B-C5C358A8EA77}.Release|Any CPU.ActiveCfg = Release|Any CPU
		{D394CAF3-C77C-472E-AD1B-C5C358A8EA77}.Release|Any CPU.Build.0 = Release|Any CPU
		{D394CAF3-C77C-472E-AD1B-C5C358A8EA77}.Release|x64.ActiveCfg = Release|Any CPU
		{D394CAF3-C77C-472E-AD1B-C5C358A8EA77}.Release|x64.Build.0 = Release|Any CPU
		{D394CAF3-C77C-472E-AD1B-C5C358A8EA77}.Release|x86.ActiveCfg = Release|Any CPU
		{D394CAF3-C77C-472E-AD1B-C5C358A8EA77}.Release|x86.Build.0 = Release|Any CPU
		{8CB278A8-DA4A-48FB-8F71-0053A7D0C723}.Debug|Any CPU.ActiveCfg = Debug|Any CPU
		{8CB278A8-DA4A-48FB-8F71-0053A7D0C723}.Debug|Any CPU.Build.0 = Debug|Any CPU
		{8CB278A8-DA4A-48FB-8F71-0053A7D0C723}.Debug|x64.ActiveCfg = Debug|Any CPU
		{8CB278A8-DA4A-48FB-8F71-0053A7D0C723}.Debug|x64.Build.0 = Debug|Any CPU
		{8CB278A8-DA4A-48FB-8F71-0053A7D0C723}.Debug|x86.ActiveCfg = Debug|Any CPU
		{8CB278A8-DA4A-48FB-8F71-0053A7D0C723}.Debug|x86.Build.0 = Debug|Any CPU
		{8CB278A8-DA4A-48FB-8F71-0053A7D0C723}.Release|Any CPU.ActiveCfg = Release|Any CPU
		{8CB278A8-DA4A-48FB-8F71-0053A7D0C723}.Release|Any CPU.Build.0 = Release|Any CPU
		{8CB278A8-DA4A-48FB-8F71-0053A7D0C723}.Release|x64.ActiveCfg = Release|Any CPU
		{8CB278A8-DA4A-48FB-8F71-0053A7D0C723}.Release|x64.Build.0 = Release|Any CPU
		{8CB278A8-DA4A-48FB-8F71-0053A7D0C723}.Release|x86.ActiveCfg = Release|Any CPU
		{8CB278A8-DA4A-48FB-8F71-0053A7D0C723}.Release|x86.Build.0 = Release|Any CPU
	EndGlobalSection
	GlobalSection(SolutionProperties) = preSolution
		HideSolutionNode = FALSE
	EndGlobalSection
	GlobalSection(NestedProjects) = preSolution
		{EFD0570C-0122-488D-A5DF-12648EA0781E} = {827E0CD3-B72D-47B6-A68D-7590B98EB39B}
		{8AEFD930-33A8-4E90-A33A-1C795D15D878} = {827E0CD3-B72D-47B6-A68D-7590B98EB39B}
		{2364B8C4-224D-487B-A670-C3A8D67D72A8} = {827E0CD3-B72D-47B6-A68D-7590B98EB39B}
		{D394CAF3-C77C-472E-AD1B-C5C358A8EA77} = {0AB3BF05-4346-4AA6-1389-037BE0695223}
		{8CB278A8-DA4A-48FB-8F71-0053A7D0C723} = {0AB3BF05-4346-4AA6-1389-037BE0695223}
	EndGlobalSection
EndGlobal
